
Microsoft Visual Studio Solution File, Format Version 12.00
# Visual Studio 14
VisualStudioVersion = 14.0.25420.1
MinimumVisualStudioVersion = 10.0.40219.1
Project("{FAE04EC0-301F-11D3-BF4B-00C04F79EFBC}") = "Shop", "Shop\Shop.csproj", "{6BDD4326-E8DD-4799-9451-B205EA358B40}"
EndProject
Project("{FAE04EC0-301F-11D3-BF4B-00C04F79EFBC}") = "Shop.DAL", "Shop.DAL\Shop.DAL.csproj", "{5E1D518E-5222-4D7E-8636-2B4B1A567336}"
EndProject
Global
	GlobalSection(SolutionConfigurationPlatforms) = preSolution
		Debug|Any CPU = Debug|Any CPU
		Release|Any CPU = Release|Any CPU
	EndGlobalSection
	GlobalSection(ProjectConfigurationPlatforms) = postSolution
		{6BDD4326-E8DD-4799-9451-B205EA358B40}.Debug|Any CPU.ActiveCfg = Debug|Any CPU
		{6BDD4326-E8DD-4799-9451-B205EA358B40}.Debug|Any CPU.Build.0 = Debug|Any CPU
		{6BDD4326-E8DD-4799-9451-B205EA358B40}.Release|Any CPU.ActiveCfg = Release|Any CPU
		{6BDD4326-E8DD-4799-9451-B205EA358B40}.Release|Any CPU.Build.0 = Release|Any CPU
		{5E1D518E-5222-4D7E-8636-2B4B1A567336}.Debug|Any CPU.ActiveCfg = Debug|Any CPU
		{5E1D518E-5222-4D7E-8636-2B4B1A567336}.Debug|Any CPU.Build.0 = Debug|Any CPU
		{5E1D518E-5222-4D7E-8636-2B4B1A567336}.Release|Any CPU.ActiveCfg = Release|Any CPU
		{5E1D518E-5222-4D7E-8636-2B4B1A567336}.Release|Any CPU.Build.0 = Release|Any CPU
	EndGlobalSection
	GlobalSection(SolutionProperties) = preSolution
		HideSolutionNode = FALSE
	EndGlobalSection
EndGlobal
